
Microsoft Visual Studio Solution File, Format Version 12.00
# Visual Studio Version 17
VisualStudioVersion = 17.6.33723.286
MinimumVisualStudioVersion = 10.0.40219.1
Project("{FAE04EC0-301F-11D3-BF4B-00C04F79EFBC}") = "Josh_Daniel_Test_Project", "Josh_Daniel_Test_Project.csproj", "{A97CF91C-55FF-40AE-BCB3-64F54C472757}"
EndProject
Global
	GlobalSection(SolutionConfigurationPlatforms) = preSolution
		Debug|Any CPU = Debug|Any CPU
		Release|Any CPU = Release|Any CPU
	EndGlobalSection
	GlobalSection(ProjectConfigurationPlatforms) = postSolution
		{A97CF91C-55FF-40AE-BCB3-64F54C472757}.Debug|Any CPU.ActiveCfg = Debug|Any CPU
		{A97CF91C-55FF-40AE-BCB3-64F54C472757}.Debug|Any CPU.Build.0 = Debug|Any CPU
		{A97CF91C-55FF-40AE-BCB3-64F54C472757}.Release|Any CPU.ActiveCfg = Release|Any CPU
		{A97CF91C-55FF-40AE-BCB3-64F54C472757}.Release|Any CPU.Build.0 = Release|Any CPU
	EndGlobalSection
	GlobalSection(SolutionProperties) = preSolution
		HideSolutionNode = FALSE
	EndGlobalSection
	GlobalSection(ExtensibilityGlobals) = postSolution
		SolutionGuid = {CC086D27-3A2E-457B-B854-E464245AE4DF}
	EndGlobalSection
EndGlobal
